{
  "pins" : [
    {
      "identity" : "danthorpe-utilities",
      "kind" : "remoteSourceControl",
      "location" : "https://github.com/danthorpe/danthorpe-utilities",
      "state" : {
        "branch" : "main",
        "revision" : "08614173df0b403d21dad6e0546d034b69861f57"
      }
    },
    {
      "identity" : "swift-async-algorithms",
      "kind" : "remoteSourceControl",
      "location" : "https://github.com/apple/swift-async-algorithms",
      "state" : {
        "branch" : "main",
        "revision" : "c0fdfdb8aa2b263799ebafc6f11c62f01e838f71"
      }
    },
    {
      "identity" : "swift-case-paths",
      "kind" : "remoteSourceControl",
      "location" : "https://github.com/pointfreeco/swift-case-paths",
      "state" : {
        "revision" : "a09839348486db8866f85a727b8550be1d671c50",
        "version" : "0.9.1"
      }
    },
    {
      "identity" : "swift-collections",
      "kind" : "remoteSourceControl",
      "location" : "https://github.com/apple/swift-collections",
      "state" : {
        "revision" : "48254824bb4248676bf7ce56014ff57b142b77eb",
        "version" : "1.0.2"
      }
    },
    {
      "identity" : "swift-parsing",
      "kind" : "remoteSourceControl",
      "location" : "https://github.com/pointfreeco/swift-parsing",
      "state" : {
        "revision" : "bc92e84968990b41640214b636667f35b6e5d44c",
        "version" : "0.10.0"
      }
    },
    {
      "identity" : "swift-tagged",
      "kind" : "remoteSourceControl",
      "location" : "https://github.com/pointfreeco/swift-tagged",
      "state" : {
        "revision" : "f3f773a5e13f3c8f0ab1ce2ae6378058acefa87d",
        "version" : "0.7.0"
      }
    },
    {
      "identity" : "swift-url-routing",
      "kind" : "remoteSourceControl",
      "location" : "https://github.com/pointfreeco/swift-url-routing",
      "state" : {
        "branch" : "main",
        "revision" : "5195a70931de218af8a9fc8a1e07473bd5c8aa90"
      }
    },
    {
      "identity" : "xctest-dynamic-overlay",
      "kind" : "remoteSourceControl",
      "location" : "https://github.com/pointfreeco/xctest-dynamic-overlay",
      "state" : {
        "revision" : "38bc9242e4388b80bd23ddfdf3071428859e3260",
        "version" : "0.4.0"
      }
    }
  ],
  "version" : 2
}
