{
  "pins" : [
    {
      "identity" : "swift-async-algorithms",
      "kind" : "remoteSourceControl",
      "location" : "https://github.com/apple/swift-async-algorithms",
      "state" : {
        "branch" : "main",
        "revision" : "6e9a5757bc36d1190a5c3b985f5e2539dc048c04"
      }
    },
    {
      "identity" : "swift-case-paths",
      "kind" : "remoteSourceControl",
      "location" : "https://github.com/pointfreeco/swift-case-paths",
      "state" : {
        "revision" : "b4a872984463070c71e2e97e5c02c73a07d0fe36",
        "version" : "0.9.0"
      }
    },
    {
      "identity" : "swift-collections",
      "kind" : "remoteSourceControl",
      "location" : "https://github.com/apple/swift-collections.git",
      "state" : {
        "revision" : "48254824bb4248676bf7ce56014ff57b142b77eb",
        "version" : "1.0.2"
      }
    },
    {
      "identity" : "swift-parsing",
      "kind" : "remoteSourceControl",
      "location" : "https://github.com/pointfreeco/swift-parsing",
      "state" : {
        "revision" : "28d32e9ace1c4c43f5e5a177be837a202494c2d5",
        "version" : "0.9.2"
      }
    },
    {
      "identity" : "swift-tagged",
      "kind" : "remoteSourceControl",
      "location" : "https://github.com/pointfreeco/swift-tagged",
      "state" : {
        "revision" : "f3f773a5e13f3c8f0ab1ce2ae6378058acefa87d",
        "version" : "0.7.0"
      }
    },
    {
      "identity" : "swift-url-routing",
      "kind" : "remoteSourceControl",
      "location" : "https://github.com/danthorpe/swift-url-routing",
      "state" : {
        "branch" : "danthorpe/per-request-options",
        "revision" : "d3c007ba88055a8868aab8d52fdd07c34942596d"
      }
    },
    {
      "identity" : "swift-utilities",
      "kind" : "remoteSourceControl",
      "location" : "https://github.com/danthorpe/swift-utilities",
      "state" : {
        "branch" : "main",
        "revision" : "1d7bb8a9ca95a335e384eef96f1404aed887cea0"
      }
    },
    {
      "identity" : "xctest-dynamic-overlay",
      "kind" : "remoteSourceControl",
      "location" : "https://github.com/pointfreeco/xctest-dynamic-overlay",
      "state" : {
        "revision" : "50a70a9d3583fe228ce672e8923010c8df2deddd",
        "version" : "0.2.1"
      }
    }
  ],
  "version" : 2
}
